{
  "lockfileVersion": 1,
  "configVersion": 1,
  "workspaces": {
    "": {
      "devDependencies": {
        "@types/bun": "^1.3.8",
        "@types/node": "^25.1.0",
        "oxc-parser": "^0.111.0",
      },
    },
  },
  "packages": {
    "@emnapi/core": ["@emnapi/core@1.8.1", "", { "dependencies": { "@emnapi/wasi-threads": "1.1.0", "tslib": "^2.4.0" } }, "sha512-AvT9QFpxK0Zd8J0jopedNm+w/2fIzvtPKPjqyw9jwvBaReTTqPBk9Hixaz7KbjimP+QNz605/XnjFcDAL2pqBg=="],

    "@emnapi/runtime": ["@emnapi/runtime@1.8.1", "", { "dependencies": { "tslib": "^2.4.0" } }, "sha512-mehfKSMWjjNol8659Z8KxEMrdSJDDot5SXMq00dM8BN4o+CLNXQ0xH2V7EchNHV4RmbZLmmPdEaXZc5H2FXmDg=="],

    "@emnapi/wasi-threads": ["@emnapi/wasi-threads@1.1.0", "", { "dependencies": { "tslib": "^2.4.0" } }, "sha512-WI0DdZ8xFSbgMjR1sFsKABJ/C5OnRrjT06JXbZKexJGrDuPTzZdDYfFlsgcCXCyf+suG5QU2e/y1Wo2V/OapLQ=="],

    "@napi-rs/wasm-runtime": ["@napi-rs/wasm-runtime@1.1.1", "", { "dependencies": { "@emnapi/core": "^1.7.1", "@emnapi/runtime": "^1.7.1", "@tybys/wasm-util": "^0.10.1" } }, "sha512-p64ah1M1ld8xjWv3qbvFwHiFVWrq1yFvV4f7w+mzaqiR4IlSgkqhcRdHwsGgomwzBH51sRY4NEowLxnaBjcW/A=="],

    "@oxc-parser/binding-android-arm-eabi": ["@oxc-parser/binding-android-arm-eabi@0.111.0", "", { "os": "android", "cpu": "arm" }, "sha512-2VEmMlziuV3OxDawQv0GUCAjnvnybpRiuM8Uy9PReX58D4WbXx5F1zyJOuYr+mnyWwHKgjGa7c9xzchDFkPR5A=="],

    "@oxc-parser/binding-android-arm64": ["@oxc-parser/binding-android-arm64@0.111.0", "", { "os": "android", "cpu": "arm64" }, "sha512-J/LNFexqUwrLInB2apXF9CdesQye7dduaGdM4bDh5iJ4W7XRlrwfc2hq6sTNOKCrjJD7F9kYdSrphCEjDwqSGA=="],

    "@oxc-parser/binding-darwin-arm64": ["@oxc-parser/binding-darwin-arm64@0.111.0", "", { "os": "darwin", "cpu": "arm64" }, "sha512-kIOkdtW33pN+/wsjuiErT6U5LNW/cbdDzgo5Tr8h1XdXhEZ0mcf1fQxrJf7LMLNTq+yaTm/r6ecU9sjnuj4gXQ=="],

    "@oxc-parser/binding-darwin-x64": ["@oxc-parser/binding-darwin-x64@0.111.0", "", { "os": "darwin", "cpu": "x64" }, "sha512-ZuhL97jPN+aX81eITfGaRul9ZdEmiKicZxUzf+NvQ5gP0gq+dIJtUPPcULDAJsmmUMj+XRjGWXklxLhv3OcKfQ=="],

    "@oxc-parser/binding-freebsd-x64": ["@oxc-parser/binding-freebsd-x64@0.111.0", "", { "os": "freebsd", "cpu": "x64" }, "sha512-pT8Bf2Om63xwnRmjjjOpS4fj/u1Xt5GGz9XnEtSNrWQiReFSNxueds4TCMKkUxUU0H3EZwoN2KVIO/WEy8Qpdg=="],

    "@oxc-parser/binding-linux-arm-gnueabihf": ["@oxc-parser/binding-linux-arm-gnueabihf@0.111.0", "", { "os": "linux", "cpu": "arm" }, "sha512-7NGWw4WXMQr6a71oT8dEqslww0FtojkeNV+8ZH+rffAUBoI7mNeuuxNC5eV8fgbnlVeOfZKpxZ3DlFcCMzX+ZQ=="],

    "@oxc-parser/binding-linux-arm-musleabihf": ["@oxc-parser/binding-linux-arm-musleabihf@0.111.0", "", { "os": "linux", "cpu": "arm" }, "sha512-4fjCIX5DPAvp1TT1GBKe7dL2XgAA2HQNg5uvT8ppgEGBZazQkGtqg1SrWRBDIFzYQBjFZkiEX2td37N+o0yHnQ=="],

    "@oxc-parser/binding-linux-arm64-gnu": ["@oxc-parser/binding-linux-arm64-gnu@0.111.0", "", { "os": "linux", "cpu": "arm64" }, "sha512-gyLRcaqUQs2piqwfbnt/B/g7cbsaJb7VIUhYmg/xbWNnfk0jS+GEcil7Dwac9M656S0f/0vLUxEyRJeC/zzsNg=="],

    "@oxc-parser/binding-linux-arm64-musl": ["@oxc-parser/binding-linux-arm64-musl@0.111.0", "", { "os": "linux", "cpu": "arm64" }, "sha512-1F5dRyAb0bxIVHc5Xv6wuaTE9rJVZcKDim8DDafdwX8UTQJnMQWVWX4quFDIZ9A3LjAeRySHE9Al7ZvKIR5MHw=="],

    "@oxc-parser/binding-linux-ppc64-gnu": ["@oxc-parser/binding-linux-ppc64-gnu@0.111.0", "", { "os": "linux", "cpu": "ppc64" }, "sha512-8COEwr05fhoWiSCEQhTgvzfwFwilSkh8SLn4nU/h7lE/H4ANFtdnh24lhBH15VRnWO8ReHu3apbxA24kXbOncg=="],

    "@oxc-parser/binding-linux-riscv64-gnu": ["@oxc-parser/binding-linux-riscv64-gnu@0.111.0", "", { "os": "linux", "cpu": "none" }, "sha512-BUHCDFGgC7BYPNjhYhErRou0EvaG6pAtAyk83ABi6oThI1pSK0pyJMJtRKNMO2OoiYumSIcNBwWZY8Vgg+22aA=="],

    "@oxc-parser/binding-linux-riscv64-musl": ["@oxc-parser/binding-linux-riscv64-musl@0.111.0", "", { "os": "linux", "cpu": "none" }, "sha512-mDN091RX5tyoqjICLwgTXRv5/HCXSIgUAFpvLqV+5W0lB3xgkjYHeAfl+8hhbrc5x0VUU9q2pNUJpV0q3cPPZA=="],

    "@oxc-parser/binding-linux-s390x-gnu": ["@oxc-parser/binding-linux-s390x-gnu@0.111.0", "", { "os": "linux", "cpu": "s390x" }, "sha512-AD9a1uIvrd550icH0VmpaxiGCdcmEQ2d6WzQfkW+a8EgvELAPcCS+Jlxjh7dRDejGODg93W648b4tTBt8mbYYg=="],

    "@oxc-parser/binding-linux-x64-gnu": ["@oxc-parser/binding-linux-x64-gnu@0.111.0", "", { "os": "linux", "cpu": "x64" }, "sha512-PT+wIm9I27aWNsfwCFBIACGMOdsW50ZcXcmL+XVbWnozuBcMlh2PinAyFNh3peyNHkgrhaevwZ7JVMkSH4g//g=="],

    "@oxc-parser/binding-linux-x64-musl": ["@oxc-parser/binding-linux-x64-musl@0.111.0", "", { "os": "linux", "cpu": "x64" }, "sha512-Lyp667vONplix+7nhXY7XaszByIB/+CyG32VWu+/JWS4ZXjiMNwkN8LceH+Ii4cDuh3a+YMg3xIAwZdiMUzSyQ=="],

    "@oxc-parser/binding-openharmony-arm64": ["@oxc-parser/binding-openharmony-arm64@0.111.0", "", { "os": "none", "cpu": "arm64" }, "sha512-mRo92rQ7lm54BW6GpYreYwPj9ZLH6aVBoYhM2pzKWw/P59O9OH5/8bn+Pj2f3tlOt7BIykFNwWj+Gy4eCPUaxA=="],

    "@oxc-parser/binding-wasm32-wasi": ["@oxc-parser/binding-wasm32-wasi@0.111.0", "", { "dependencies": { "@napi-rs/wasm-runtime": "^1.1.1" }, "cpu": "none" }, "sha512-qaqltQrnXLN5gIdkxLfNbmFKOMCAnD7bRzTPwAT3Qa3m+oBA8prh2/jk66sPpRAYsFBXUUwcWyCpvMnxe6EPIA=="],

    "@oxc-parser/binding-win32-arm64-msvc": ["@oxc-parser/binding-win32-arm64-msvc@0.111.0", "", { "os": "win32", "cpu": "arm64" }, "sha512-C2DlxFp73X2X8bhKOsrt1dmafvf+2ro1AKEKooWFK3Lg4n1+hy/nWPm7gNyBAu5JUIgL3DdtV1ekFHn0FAqzFg=="],

    "@oxc-parser/binding-win32-ia32-msvc": ["@oxc-parser/binding-win32-ia32-msvc@0.111.0", "", { "os": "win32", "cpu": "ia32" }, "sha512-MWgvlDoArzCANFTPYkVAqVV4F6ef5T3NecZ7Osx++Aa7bB4vFzgc1mAB4pfcHAXA9wBRhHRrHDRfMGIC8MsNSQ=="],

    "@oxc-parser/binding-win32-x64-msvc": ["@oxc-parser/binding-win32-x64-msvc@0.111.0", "", { "os": "win32", "cpu": "x64" }, "sha512-ZA/o2NaPzoMN5LvC/wREZxZ8EF8MbOeG5l8R7mJRawwlVeE4L4dmFfjQ87INPtdwYzteAfNpiKsus1lvn4ohTg=="],

    "@oxc-project/types": ["@oxc-project/types@0.111.0", "", {}, "sha512-bh54LJMafgRGl2cPQ/QM+tI5rWaShm/wK9KywEj/w36MhiPKXYM67H2y3q+9pr4YO7ufwg2AKdBAZkhHBD8ClA=="],

    "@tybys/wasm-util": ["@tybys/wasm-util@0.10.1", "", { "dependencies": { "tslib": "^2.4.0" } }, "sha512-9tTaPJLSiejZKx+Bmog4uSubteqTvFrVrURwkmHixBo0G4seD0zUxp98E1DzUBJxLQ3NPwXrGKDiVjwx/DpPsg=="],

    "@types/bun": ["@types/bun@1.3.8", "", { "dependencies": { "bun-types": "1.3.8" } }, "sha512-3LvWJ2q5GerAXYxO2mffLTqOzEu5qnhEAlh48Vnu8WQfnmSwbgagjGZV6BoHKJztENYEDn6QmVd949W4uESRJA=="],

    "@types/node": ["@types/node@25.1.0", "", { "dependencies": { "undici-types": "~7.16.0" } }, "sha512-t7frlewr6+cbx+9Ohpl0NOTKXZNV9xHRmNOvql47BFJKcEG1CxtxlPEEe+gR9uhVWM4DwhnvTF110mIL4yP9RA=="],

    "bun-types": ["bun-types@1.3.8", "", { "dependencies": { "@types/node": "*" } }, "sha512-fL99nxdOWvV4LqjmC+8Q9kW3M4QTtTR1eePs94v5ctGqU8OeceWrSUaRw3JYb7tU3FkMIAjkueehrHPPPGKi5Q=="],

    "oxc-parser": ["oxc-parser@0.111.0", "", { "dependencies": { "@oxc-project/types": "^0.111.0" }, "optionalDependencies": { "@oxc-parser/binding-android-arm-eabi": "0.111.0", "@oxc-parser/binding-android-arm64": "0.111.0", "@oxc-parser/binding-darwin-arm64": "0.111.0", "@oxc-parser/binding-darwin-x64": "0.111.0", "@oxc-parser/binding-freebsd-x64": "0.111.0", "@oxc-parser/binding-linux-arm-gnueabihf": "0.111.0", "@oxc-parser/binding-linux-arm-musleabihf": "0.111.0", "@oxc-parser/binding-linux-arm64-gnu": "0.111.0", "@oxc-parser/binding-linux-arm64-musl": "0.111.0", "@oxc-parser/binding-linux-ppc64-gnu": "0.111.0", "@oxc-parser/binding-linux-riscv64-gnu": "0.111.0", "@oxc-parser/binding-linux-riscv64-musl": "0.111.0", "@oxc-parser/binding-linux-s390x-gnu": "0.111.0", "@oxc-parser/binding-linux-x64-gnu": "0.111.0", "@oxc-parser/binding-linux-x64-musl": "0.111.0", "@oxc-parser/binding-openharmony-arm64": "0.111.0", "@oxc-parser/binding-wasm32-wasi": "0.111.0", "@oxc-parser/binding-win32-arm64-msvc": "0.111.0", "@oxc-parser/binding-win32-ia32-msvc": "0.111.0", "@oxc-parser/binding-win32-x64-msvc": "0.111.0" } }, "sha512-beesBIb46bfuBure8ztUOQ3mOsC12SwEAHERO+PgSZAcWspoULUvb5CQ1wWUSpnTKsmUXIv6mQVXODPgbgX5WQ=="],

    "tslib": ["tslib@2.8.1", "", {}, "sha512-oJFu94HQb+KVduSUQL7wnpmqnfmLsOA/nAh6b6EH0wCEoK0/mPeXU6c3wKDV83MkOuHPRHtSXKKU99IBazS/2w=="],

    "undici-types": ["undici-types@7.16.0", "", {}, "sha512-Zz+aZWSj8LE6zoxD+xrjh4VfkIG8Ya6LvYkZqtUQGJPZjYl53ypCaUwWqo7eI0x66KBGeRo+mlBEkMSeSZ38Nw=="],
  }
}
